
Microsoft Visual Studio Solution File, Format Version 12.00
# Visual Studio 14
VisualStudioVersion = 14.0.25420.1
MinimumVisualStudioVersion = 10.0.40219.1
Project("{FAE04EC0-301F-11D3-BF4B-00C04F79EFBC}") = "ProxyScanIo", "ProxyScanIo\ProxyScanIo.csproj", "{3D841286-5570-480D-B6B2-903E6584F8C3}"
EndProject
Project("{FAE04EC0-301F-11D3-BF4B-00C04F79EFBC}") = "ProxyScanIo Test", "ProxyScanIo Test\ProxyScanIo Test.csproj", "{1CDF83F4-24A5-467A-B43A-482BC394D9CE}"
EndProject
Global
	GlobalSection(SolutionConfigurationPlatforms) = preSolution
		Debug|Any CPU = Debug|Any CPU
		Release|Any CPU = Release|Any CPU
	EndGlobalSection
	GlobalSection(ProjectConfigurationPlatforms) = postSolution
		{3D841286-5570-480D-B6B2-903E6584F8C3}.Debug|Any CPU.ActiveCfg = Debug|Any CPU
		{3D841286-5570-480D-B6B2-903E6584F8C3}.Debug|Any CPU.Build.0 = Debug|Any CPU
		{3D841286-5570-480D-B6B2-903E6584F8C3}.Release|Any CPU.ActiveCfg = Release|Any CPU
		{3D841286-5570-480D-B6B2-903E6584F8C3}.Release|Any CPU.Build.0 = Release|Any CPU
		{1CDF83F4-24A5-467A-B43A-482BC394D9CE}.Debug|Any CPU.ActiveCfg = Debug|Any CPU
		{1CDF83F4-24A5-467A-B43A-482BC394D9CE}.Debug|Any CPU.Build.0 = Debug|Any CPU
		{1CDF83F4-24A5-467A-B43A-482BC394D9CE}.Release|Any CPU.ActiveCfg = Release|Any CPU
		{1CDF83F4-24A5-467A-B43A-482BC394D9CE}.Release|Any CPU.Build.0 = Release|Any CPU
	EndGlobalSection
	GlobalSection(SolutionProperties) = preSolution
		HideSolutionNode = FALSE
	EndGlobalSection
EndGlobal
